
Microsoft Visual Studio Solution File, Format Version 12.00
# Visual Studio Version 16
VisualStudioVersion = 16.0.30804.86
MinimumVisualStudioVersion = 10.0.40219.1
Project("{FAE04EC0-301F-11D3-BF4B-00C04F79EFBC}") = "SEO_WEB", "SEO_WEB\SEO_WEB.csproj", "{DCAEA229-1AB5-4740-8E67-A94F5CA1B061}"
EndProject
Global
	GlobalSection(SolutionConfigurationPlatforms) = preSolution
		Debug|Any CPU = Debug|Any CPU
		Release|Any CPU = Release|Any CPU
	EndGlobalSection
	GlobalSection(ProjectConfigurationPlatforms) = postSolution
		{DCAEA229-1AB5-4740-8E67-A94F5CA1B061}.Debug|Any CPU.ActiveCfg = Debug|Any CPU
		{DCAEA229-1AB5-4740-8E67-A94F5CA1B061}.Debug|Any CPU.Build.0 = Debug|Any CPU
		{DCAEA229-1AB5-4740-8E67-A94F5CA1B061}.Release|Any CPU.ActiveCfg = Release|Any CPU
		{DCAEA229-1AB5-4740-8E67-A94F5CA1B061}.Release|Any CPU.Build.0 = Release|Any CPU
	EndGlobalSection
	GlobalSection(SolutionProperties) = preSolution
		HideSolutionNode = FALSE
	EndGlobalSection
	GlobalSection(ExtensibilityGlobals) = postSolution
		SolutionGuid = {2535A398-02D0-47C5-9B20-00FC9A3D1D86}
	EndGlobalSection
EndGlobal
